// !$*UTF8*$!
{
	archiveVersion = 1;
	classes = {
	};
	objectVersion = 51;
	objects = {

/* Begin PBXBuildFile section */
		BA167BFA4D3B011C6A949080 /* Pods_Credis.framework in Frameworks */ = {isa = PBXBuildFile; fileRef = A7D9CDF200A7D2D4BAB7FFCD /* Pods_Credis.framework */; };
		C9647B9425FE1FC4008C3A23 /* Credential.grpc.swift in Sources */ = {isa = PBXBuildFile; fileRef = C9647B9325FE1FC4008C3A23 /* Credential.grpc.swift */; };
		C983B02325FC90C200162BF1 /* AppDelegate.swift in Sources */ = {isa = PBXBuildFile; fileRef = C983B02225FC90C200162BF1 /* AppDelegate.swift */; };
		C983B02725FC90C200162BF1 /* UsersListViewController.swift in Sources */ = {isa = PBXBuildFile; fileRef = C983B02625FC90C200162BF1 /* UsersListViewController.swift */; };
		C983B02A25FC90C200162BF1 /* Main.storyboard in Resources */ = {isa = PBXBuildFile; fileRef = C983B02825FC90C200162BF1 /* Main.storyboard */; };
		C983B02C25FC90C300162BF1 /* Assets.xcassets in Resources */ = {isa = PBXBuildFile; fileRef = C983B02B25FC90C300162BF1 /* Assets.xcassets */; };
		C983B02F25FC90C300162BF1 /* LaunchScreen.storyboard in Resources */ = {isa = PBXBuildFile; fileRef = C983B02D25FC90C300162BF1 /* LaunchScreen.storyboard */; };
		C983B04F25FCCAA900162BF1 /* CredentialsListViewController.swift in Sources */ = {isa = PBXBuildFile; fileRef = C983B04E25FCCAA900162BF1 /* CredentialsListViewController.swift */; };
		C983B05425FCCC2B00162BF1 /* UserTableViewCell.swift in Sources */ = {isa = PBXBuildFile; fileRef = C983B05325FCCC2B00162BF1 /* UserTableViewCell.swift */; };
		C983B05725FCCC3D00162BF1 /* UserTableViewCell.xib in Resources */ = {isa = PBXBuildFile; fileRef = C983B05625FCCC3D00162BF1 /* UserTableViewCell.xib */; };
		C983B05A25FCDD2300162BF1 /* SingleCredentialViewController.swift in Sources */ = {isa = PBXBuildFile; fileRef = C983B05925FCDD2300162BF1 /* SingleCredentialViewController.swift */; };
		C983B05E25FCF2C200162BF1 /* CredentialTableViewCell.swift in Sources */ = {isa = PBXBuildFile; fileRef = C983B05D25FCF2C200162BF1 /* CredentialTableViewCell.swift */; };
		C983B06125FCF2D000162BF1 /* CredentialTableViewCell.xib in Resources */ = {isa = PBXBuildFile; fileRef = C983B06025FCF2D000162BF1 /* CredentialTableViewCell.xib */; };
		C983B06425FCFB1F00162BF1 /* Credential.swift in Sources */ = {isa = PBXBuildFile; fileRef = C983B06325FCFB1F00162BF1 /* Credential.swift */; };
		C983B06825FD03C700162BF1 /* SingleCredentialView.xib in Resources */ = {isa = PBXBuildFile; fileRef = C983B06725FD03C700162BF1 /* SingleCredentialView.xib */; };
		C983B06B25FD03E100162BF1 /* SingleCredentialView.swift in Sources */ = {isa = PBXBuildFile; fileRef = C983B06A25FD03E100162BF1 /* SingleCredentialView.swift */; };
		C9B4884825FD62E100206D53 /* Credential.pb.swift in Sources */ = {isa = PBXBuildFile; fileRef = C9B4884725FD62E100206D53 /* Credential.pb.swift */; };
		C9B4885B25FD733B00206D53 /* NetworkService.swift in Sources */ = {isa = PBXBuildFile; fileRef = C9B4885A25FD733B00206D53 /* NetworkService.swift */; };
		C9B4885E25FD735000206D53 /* NetworkManager.swift in Sources */ = {isa = PBXBuildFile; fileRef = C9B4885D25FD735000206D53 /* NetworkManager.swift */; };
		C9B4886225FD761200206D53 /* RequestBuilder.swift in Sources */ = {isa = PBXBuildFile; fileRef = C9B4886125FD761200206D53 /* RequestBuilder.swift */; };
/* End PBXBuildFile section */

/* Begin PBXFileReference section */
		3EEB3FB0DEC6E713B58530FC /* Pods-Credis.release.xcconfig */ = {isa = PBXFileReference; includeInIndex = 1; lastKnownFileType = text.xcconfig; name = "Pods-Credis.release.xcconfig"; path = "Target Support Files/Pods-Credis/Pods-Credis.release.xcconfig"; sourceTree = "<group>"; };
		8A081D5FF682860E2FEA5653 /* Pods-Credis.debug.xcconfig */ = {isa = PBXFileReference; includeInIndex = 1; lastKnownFileType = text.xcconfig; name = "Pods-Credis.debug.xcconfig"; path = "Target Support Files/Pods-Credis/Pods-Credis.debug.xcconfig"; sourceTree = "<group>"; };
		A7D9CDF200A7D2D4BAB7FFCD /* Pods_Credis.framework */ = {isa = PBXFileReference; explicitFileType = wrapper.framework; includeInIndex = 0; path = Pods_Credis.framework; sourceTree = BUILT_PRODUCTS_DIR; };
		C9647B9325FE1FC4008C3A23 /* Credential.grpc.swift */ = {isa = PBXFileReference; fileEncoding = 4; lastKnownFileType = sourcecode.swift; path = Credential.grpc.swift; sourceTree = "<group>"; };
		C983B01F25FC90C200162BF1 /* Credis.app */ = {isa = PBXFileReference; explicitFileType = wrapper.application; includeInIndex = 0; path = Credis.app; sourceTree = BUILT_PRODUCTS_DIR; };
		C983B02225FC90C200162BF1 /* AppDelegate.swift */ = {isa = PBXFileReference; lastKnownFileType = sourcecode.swift; path = AppDelegate.swift; sourceTree = "<group>"; };
		C983B02625FC90C200162BF1 /* UsersListViewController.swift */ = {isa = PBXFileReference; lastKnownFileType = sourcecode.swift; path = UsersListViewController.swift; sourceTree = "<group>"; };
		C983B02925FC90C200162BF1 /* Base */ = {isa = PBXFileReference; lastKnownFileType = file.storyboard; name = Base; path = Base.lproj/Main.storyboard; sourceTree = "<group>"; };
		C983B02B25FC90C300162BF1 /* Assets.xcassets */ = {isa = PBXFileReference; lastKnownFileType = folder.assetcatalog; path = Assets.xcassets; sourceTree = "<group>"; };
		C983B02E25FC90C300162BF1 /* Base */ = {isa = PBXFileReference; lastKnownFileType = file.storyboard; name = Base; path = Base.lproj/LaunchScreen.storyboard; sourceTree = "<group>"; };
		C983B03025FC90C300162BF1 /* Info.plist */ = {isa = PBXFileReference; lastKnownFileType = text.plist.xml; path = Info.plist; sourceTree = "<group>"; };
		C983B04E25FCCAA900162BF1 /* CredentialsListViewController.swift */ = {isa = PBXFileReference; lastKnownFileType = sourcecode.swift; path = CredentialsListViewController.swift; sourceTree = "<group>"; };
		C983B05325FCCC2B00162BF1 /* UserTableViewCell.swift */ = {isa = PBXFileReference; lastKnownFileType = sourcecode.swift; path = UserTableViewCell.swift; sourceTree = "<group>"; };
		C983B05625FCCC3D00162BF1 /* UserTableViewCell.xib */ = {isa = PBXFileReference; lastKnownFileType = file.xib; path = UserTableViewCell.xib; sourceTree = "<group>"; };
		C983B05925FCDD2300162BF1 /* SingleCredentialViewController.swift */ = {isa = PBXFileReference; lastKnownFileType = sourcecode.swift; path = SingleCredentialViewController.swift; sourceTree = "<group>"; };
		C983B05D25FCF2C200162BF1 /* CredentialTableViewCell.swift */ = {isa = PBXFileReference; lastKnownFileType = sourcecode.swift; path = CredentialTableViewCell.swift; sourceTree = "<group>"; };
		C983B06025FCF2D000162BF1 /* CredentialTableViewCell.xib */ = {isa = PBXFileReference; lastKnownFileType = file.xib; path = CredentialTableViewCell.xib; sourceTree = "<group>"; };
		C983B06325FCFB1F00162BF1 /* Credential.swift */ = {isa = PBXFileReference; lastKnownFileType = sourcecode.swift; path = Credential.swift; sourceTree = "<group>"; };
		C983B06725FD03C700162BF1 /* SingleCredentialView.xib */ = {isa = PBXFileReference; lastKnownFileType = file.xib; path = SingleCredentialView.xib; sourceTree = "<group>"; };
		C983B06A25FD03E100162BF1 /* SingleCredentialView.swift */ = {isa = PBXFileReference; lastKnownFileType = sourcecode.swift; path = SingleCredentialView.swift; sourceTree = "<group>"; };
		C9B4884725FD62E100206D53 /* Credential.pb.swift */ = {isa = PBXFileReference; fileEncoding = 4; lastKnownFileType = sourcecode.swift; path = Credential.pb.swift; sourceTree = "<group>"; };
		C9B4885A25FD733B00206D53 /* NetworkService.swift */ = {isa = PBXFileReference; lastKnownFileType = sourcecode.swift; path = NetworkService.swift; sourceTree = "<group>"; };
		C9B4885D25FD735000206D53 /* NetworkManager.swift */ = {isa = PBXFileReference; lastKnownFileType = sourcecode.swift; path = NetworkManager.swift; sourceTree = "<group>"; };
		C9B4886125FD761200206D53 /* RequestBuilder.swift */ = {isa = PBXFileReference; lastKnownFileType = sourcecode.swift; path = RequestBuilder.swift; sourceTree = "<group>"; };
/* End PBXFileReference section */

/* Begin PBXFrameworksBuildPhase section */
		C983B01C25FC90C200162BF1 /* Frameworks */ = {
			isa = PBXFrameworksBuildPhase;
			buildActionMask = 2147483647;
			files = (
				BA167BFA4D3B011C6A949080 /* Pods_Credis.framework in Frameworks */,
			);
			runOnlyForDeploymentPostprocessing = 0;
		};
/* End PBXFrameworksBuildPhase section */

/* Begin PBXGroup section */
		C983B01625FC90C200162BF1 = {
			isa = PBXGroup;
			children = (
				C983B02125FC90C200162BF1 /* Credis */,
				C983B02025FC90C200162BF1 /* Products */,
				D36F9B820BF25C8A87CDF94D /* Pods */,
				CF20EEFC8BA69AFB76BCB06D /* Frameworks */,
			);
			sourceTree = "<group>";
		};
		C983B02025FC90C200162BF1 /* Products */ = {
			isa = PBXGroup;
			children = (
				C983B01F25FC90C200162BF1 /* Credis.app */,
			);
			name = Products;
			sourceTree = "<group>";
		};
		C983B02125FC90C200162BF1 /* Credis */ = {
			isa = PBXGroup;
			children = (
				C983B03825FC925700162BF1 /* Model */,
				C983B03925FC925F00162BF1 /* View */,
				C983B03B25FC929500162BF1 /* Controller */,
				C9B4885725FD72B500206D53 /* Networking */,
				C983B03C25FC92AF00162BF1 /* Application */,
			);
			path = Credis;
			sourceTree = "<group>";
		};
		C983B03825FC925700162BF1 /* Model */ = {
			isa = PBXGroup;
			children = (
				C983B06325FCFB1F00162BF1 /* Credential.swift */,
			);
			path = Model;
			sourceTree = "<group>";
		};
		C983B03925FC925F00162BF1 /* View */ = {
			isa = PBXGroup;
			children = (
				C983B06625FD03B500162BF1 /* SingleCredentialView */,
				C983B05C25FCF2A600162BF1 /* CredentialTableViewCell */,
				C983B05125FCCC0900162BF1 /* UserTableViewCell */,
				C983B03A25FC927600162BF1 /* Storyboard */,
			);
			path = View;
			sourceTree = "<group>";
		};
		C983B03A25FC927600162BF1 /* Storyboard */ = {
			isa = PBXGroup;
			children = (
				C983B02825FC90C200162BF1 /* Main.storyboard */,
				C983B02D25FC90C300162BF1 /* LaunchScreen.storyboard */,
			);
			path = Storyboard;
			sourceTree = "<group>";
		};
		C983B03B25FC929500162BF1 /* Controller */ = {
			isa = PBXGroup;
			children = (
				C983B02625FC90C200162BF1 /* UsersListViewController.swift */,
				C983B04E25FCCAA900162BF1 /* CredentialsListViewController.swift */,
				C983B05925FCDD2300162BF1 /* SingleCredentialViewController.swift */,
			);
			path = Controller;
			sourceTree = "<group>";
		};
		C983B03C25FC92AF00162BF1 /* Application */ = {
			isa = PBXGroup;
			children = (
				C983B02225FC90C200162BF1 /* AppDelegate.swift */,
				C983B03025FC90C300162BF1 /* Info.plist */,
				C983B02B25FC90C300162BF1 /* Assets.xcassets */,
			);
			path = Application;
			sourceTree = "<group>";
		};
		C983B05125FCCC0900162BF1 /* UserTableViewCell */ = {
			isa = PBXGroup;
			children = (
				C983B05325FCCC2B00162BF1 /* UserTableViewCell.swift */,
				C983B05625FCCC3D00162BF1 /* UserTableViewCell.xib */,
			);
			path = UserTableViewCell;
			sourceTree = "<group>";
		};
		C983B05C25FCF2A600162BF1 /* CredentialTableViewCell */ = {
			isa = PBXGroup;
			children = (
				C983B05D25FCF2C200162BF1 /* CredentialTableViewCell.swift */,
				C983B06025FCF2D000162BF1 /* CredentialTableViewCell.xib */,
			);
			path = CredentialTableViewCell;
			sourceTree = "<group>";
		};
		C983B06625FD03B500162BF1 /* SingleCredentialView */ = {
			isa = PBXGroup;
			children = (
				C983B06725FD03C700162BF1 /* SingleCredentialView.xib */,
				C983B06A25FD03E100162BF1 /* SingleCredentialView.swift */,
			);
			path = SingleCredentialView;
			sourceTree = "<group>";
		};
		C9B4884625FD62E100206D53 /* Protobuf */ = {
			isa = PBXGroup;
			children = (
				C9647B9325FE1FC4008C3A23 /* Credential.grpc.swift */,
				C9B4884725FD62E100206D53 /* Credential.pb.swift */,
			);
			path = Protobuf;
			sourceTree = "<group>";
		};
		C9B4885725FD72B500206D53 /* Networking */ = {
			isa = PBXGroup;
			children = (
				C9B4885A25FD733B00206D53 /* NetworkService.swift */,
				C9B4885D25FD735000206D53 /* NetworkManager.swift */,
				C9B4886125FD761200206D53 /* RequestBuilder.swift */,
				C9B4884625FD62E100206D53 /* Protobuf */,
			);
			path = Networking;
			sourceTree = "<group>";
		};
		CF20EEFC8BA69AFB76BCB06D /* Frameworks */ = {
			isa = PBXGroup;
			children = (
				A7D9CDF200A7D2D4BAB7FFCD /* Pods_Credis.framework */,
			);
			name = Frameworks;
			sourceTree = "<group>";
		};
		D36F9B820BF25C8A87CDF94D /* Pods */ = {
			isa = PBXGroup;
			children = (
				8A081D5FF682860E2FEA5653 /* Pods-Credis.debug.xcconfig */,
				3EEB3FB0DEC6E713B58530FC /* Pods-Credis.release.xcconfig */,
			);
			path = Pods;
			sourceTree = "<group>";
		};
/* End PBXGroup section */

/* Begin PBXNativeTarget section */
		C983B01E25FC90C200162BF1 /* Credis */ = {
			isa = PBXNativeTarget;
			buildConfigurationList = C983B03325FC90C300162BF1 /* Build configuration list for PBXNativeTarget "Credis" */;
			buildPhases = (
				B63DFA69324DD24A15F4F220 /* [CP] Check Pods Manifest.lock */,
				C983B01B25FC90C200162BF1 /* Sources */,
				C983B01C25FC90C200162BF1 /* Frameworks */,
				C983B01D25FC90C200162BF1 /* Resources */,
				AF88E62B196F1ADA078C4236 /* [CP] Embed Pods Frameworks */,
			);
			buildRules = (
			);
			dependencies = (
			);
			name = Credis;
			productName = CredentialsApp;
			productReference = C983B01F25FC90C200162BF1 /* Credis.app */;
			productType = "com.apple.product-type.application";
		};
/* End PBXNativeTarget section */

/* Begin PBXProject section */
		C983B01725FC90C200162BF1 /* Project object */ = {
			isa = PBXProject;
			attributes = {
				LastSwiftUpdateCheck = 1230;
				LastUpgradeCheck = 1230;
				TargetAttributes = {
					C983B01E25FC90C200162BF1 = {
						CreatedOnToolsVersion = 12.3;
					};
				};
			};
			buildConfigurationList = C983B01A25FC90C200162BF1 /* Build configuration list for PBXProject "Credis" */;
			compatibilityVersion = "Xcode 9.3";
			developmentRegion = en;
			hasScannedForEncodings = 0;
			knownRegions = (
				en,
				Base,
			);
			mainGroup = C983B01625FC90C200162BF1;
			productRefGroup = C983B02025FC90C200162BF1 /* Products */;
			projectDirPath = "";
			projectRoot = "";
			targets = (
				C983B01E25FC90C200162BF1 /* Credis */,
			);
		};
/* End PBXProject section */

/* Begin PBXResourcesBuildPhase section */
		C983B01D25FC90C200162BF1 /* Resources */ = {
			isa = PBXResourcesBuildPhase;
			buildActionMask = 2147483647;
			files = (
				C983B05725FCCC3D00162BF1 /* UserTableViewCell.xib in Resources */,
				C983B02F25FC90C300162BF1 /* LaunchScreen.storyboard in Resources */,
				C983B02C25FC90C300162BF1 /* Assets.xcassets in Resources */,
				C983B06825FD03C700162BF1 /* SingleCredentialView.xib in Resources */,
				C983B02A25FC90C200162BF1 /* Main.storyboard in Resources */,
				C983B06125FCF2D000162BF1 /* CredentialTableViewCell.xib in Resources */,
			);
			runOnlyForDeploymentPostprocessing = 0;
		};
/* End PBXResourcesBuildPhase section */

/* Begin PBXShellScriptBuildPhase section */
		AF88E62B196F1ADA078C4236 /* [CP] Embed Pods Frameworks */ = {
			isa = PBXShellScriptBuildPhase;
			buildActionMask = 2147483647;
			files = (
			);
			inputFileListPaths = (
				"${PODS_ROOT}/Target Support Files/Pods-Credis/Pods-Credis-frameworks-${CONFIGURATION}-input-files.xcfilelist",
			);
			name = "[CP] Embed Pods Frameworks";
			outputFileListPaths = (
				"${PODS_ROOT}/Target Support Files/Pods-Credis/Pods-Credis-frameworks-${CONFIGURATION}-output-files.xcfilelist",
			);
			runOnlyForDeploymentPostprocessing = 0;
			shellPath = /bin/sh;
			shellScript = "\"${PODS_ROOT}/Target Support Files/Pods-Credis/Pods-Credis-frameworks.sh\"\n";
			showEnvVarsInLog = 0;
		};
		B63DFA69324DD24A15F4F220 /* [CP] Check Pods Manifest.lock */ = {
			isa = PBXShellScriptBuildPhase;
			buildActionMask = 2147483647;
			files = (
			);
			inputFileListPaths = (
			);
			inputPaths = (
				"${PODS_PODFILE_DIR_PATH}/Podfile.lock",
				"${PODS_ROOT}/Manifest.lock",
			);
			name = "[CP] Check Pods Manifest.lock";
			outputFileListPaths = (
			);
			outputPaths = (
				"$(DERIVED_FILE_DIR)/Pods-Credis-checkManifestLockResult.txt",
			);
			runOnlyForDeploymentPostprocessing = 0;
			shellPath = /bin/sh;
			shellScript = "diff \"${PODS_PODFILE_DIR_PATH}/Podfile.lock\" \"${PODS_ROOT}/Manifest.lock\" > /dev/null\nif [ $? != 0 ] ; then\n    # print error to STDERR\n    echo \"error: The sandbox is not in sync with the Podfile.lock. Run 'pod install' or update your CocoaPods installation.\" >&2\n    exit 1\nfi\n# This output is used by Xcode 'outputs' to avoid re-running this script phase.\necho \"SUCCESS\" > \"${SCRIPT_OUTPUT_FILE_0}\"\n";
			showEnvVarsInLog = 0;
		};
/* End PBXShellScriptBuildPhase section */

/* Begin PBXSourcesBuildPhase section */
		C983B01B25FC90C200162BF1 /* Sources */ = {
			isa = PBXSourcesBuildPhase;
			buildActionMask = 2147483647;
			files = (
				C9B4885B25FD733B00206D53 /* NetworkService.swift in Sources */,
				C983B05425FCCC2B00162BF1 /* UserTableViewCell.swift in Sources */,
				C9B4886225FD761200206D53 /* RequestBuilder.swift in Sources */,
				C9647B9425FE1FC4008C3A23 /* Credential.grpc.swift in Sources */,
				C983B06425FCFB1F00162BF1 /* Credential.swift in Sources */,
				C983B04F25FCCAA900162BF1 /* CredentialsListViewController.swift in Sources */,
				C9B4885E25FD735000206D53 /* NetworkManager.swift in Sources */,
				C983B02725FC90C200162BF1 /* UsersListViewController.swift in Sources */,
				C983B02325FC90C200162BF1 /* AppDelegate.swift in Sources */,
				C983B06B25FD03E100162BF1 /* SingleCredentialView.swift in Sources */,
				C983B05E25FCF2C200162BF1 /* CredentialTableViewCell.swift in Sources */,
				C9B4884825FD62E100206D53 /* Credential.pb.swift in Sources */,
				C983B05A25FCDD2300162BF1 /* SingleCredentialViewController.swift in Sources */,
			);
			runOnlyForDeploymentPostprocessing = 0;
		};
/* End PBXSourcesBuildPhase section */

/* Begin PBXVariantGroup section */
		C983B02825FC90C200162BF1 /* Main.storyboard */ = {
			isa = PBXVariantGroup;
			children = (
				C983B02925FC90C200162BF1 /* Base */,
			);
			name = Main.storyboard;
			sourceTree = "<group>";
		};
		C983B02D25FC90C300162BF1 /* LaunchScreen.storyboard */ = {
			isa = PBXVariantGroup;
			children = (
				C983B02E25FC90C300162BF1 /* Base */,
			);
			name = LaunchScreen.storyboard;
			sourceTree = "<group>";
		};
/* End PBXVariantGroup section */

/* Begin XCBuildConfiguration section */
		C983B03125FC90C300162BF1 /* Debug */ = {
			isa = XCBuildConfiguration;
			buildSettings = {
				ALWAYS_SEARCH_USER_PATHS = NO;
				CLANG_ANALYZER_NONNULL = YES;
				CLANG_ANALYZER_NUMBER_OBJECT_CONVERSION = YES_AGGRESSIVE;
				CLANG_CXX_LANGUAGE_STANDARD = "gnu++14";
				CLANG_CXX_LIBRARY = "libc++";
				CLANG_ENABLE_MODULES = YES;
				CLANG_ENABLE_OBJC_ARC = YES;
				CLANG_ENABLE_OBJC_WEAK = YES;
				CLANG_WARN_BLOCK_CAPTURE_AUTORELEASING = YES;
				CLANG_WARN_BOOL_CONVERSION = YES;
				CLANG_WARN_COMMA = YES;
				CLANG_WARN_CONSTANT_CONVERSION = YES;
				CLANG_WARN_DEPRECATED_OBJC_IMPLEMENTATIONS = YES;
				CLANG_WARN_DIRECT_OBJC_ISA_USAGE = YES_ERROR;
				CLANG_WARN_DOCUMENTATION_COMMENTS = YES;
				CLANG_WARN_EMPTY_BODY = YES;
				CLANG_WARN_ENUM_CONVERSION = YES;
				CLANG_WARN_INFINITE_RECURSION = YES;
				CLANG_WARN_INT_CONVERSION = YES;
				CLANG_WARN_NON_LITERAL_NULL_CONVERSION = YES;
				CLANG_WARN_OBJC_IMPLICIT_RETAIN_SELF = YES;
				CLANG_WARN_OBJC_LITERAL_CONVERSION = YES;
				CLANG_WARN_OBJC_ROOT_CLASS = YES_ERROR;
				CLANG_WARN_QUOTED_INCLUDE_IN_FRAMEWORK_HEADER = YES;
				CLANG_WARN_RANGE_LOOP_ANALYSIS = YES;
				CLANG_WARN_STRICT_PROTOTYPES = YES;
				CLANG_WARN_SUSPICIOUS_MOVE = YES;
				CLANG_WARN_UNGUARDED_AVAILABILITY = YES_AGGRESSIVE;
				CLANG_WARN_UNREACHABLE_CODE = YES;
				CLANG_WARN__DUPLICATE_METHOD_MATCH = YES;
				COPY_PHASE_STRIP = NO;
				DEBUG_INFORMATION_FORMAT = dwarf;
				ENABLE_STRICT_OBJC_MSGSEND = YES;
				ENABLE_TESTABILITY = YES;
				GCC_C_LANGUAGE_STANDARD = gnu11;
				GCC_DYNAMIC_NO_PIC = NO;
				GCC_NO_COMMON_BLOCKS = YES;
				GCC_OPTIMIZATION_LEVEL = 0;
				GCC_PREPROCESSOR_DEFINITIONS = (
					"DEBUG=1",
					"$(inherited)",
				);
				GCC_WARN_64_TO_32_BIT_CONVERSION = YES;
				GCC_WARN_ABOUT_RETURN_TYPE = YES_ERROR;
				GCC_WARN_UNDECLARED_SELECTOR = YES;
				GCC_WARN_UNINITIALIZED_AUTOS = YES_AGGRESSIVE;
				GCC_WARN_UNUSED_FUNCTION = YES;
				GCC_WARN_UNUSED_VARIABLE = YES;
				IPHONEOS_DEPLOYMENT_TARGET = 14.3;
				MTL_ENABLE_DEBUG_INFO = INCLUDE_SOURCE;
				MTL_FAST_MATH = YES;
				ONLY_ACTIVE_ARCH = YES;
				SDKROOT = iphoneos;
				SWIFT_ACTIVE_COMPILATION_CONDITIONS = DEBUG;
				SWIFT_OPTIMIZATION_LEVEL = "-Onone";
			};
			name = Debug;
		};
		C983B03225FC90C300162BF1 /* Release */ = {
			isa = XCBuildConfiguration;
			buildSettings = {
				ALWAYS_SEARCH_USER_PATHS = NO;
				CLANG_ANALYZER_NONNULL = YES;
				CLANG_ANALYZER_NUMBER_OBJECT_CONVERSION = YES_AGGRESSIVE;
				CLANG_CXX_LANGUAGE_STANDARD = "gnu++14";
				CLANG_CXX_LIBRARY = "libc++";
				CLANG_ENABLE_MODULES = YES;
				CLANG_ENABLE_OBJC_ARC = YES;
				CLANG_ENABLE_OBJC_WEAK = YES;
				CLANG_WARN_BLOCK_CAPTURE_AUTORELEASING = YES;
				CLANG_WARN_BOOL_CONVERSION = YES;
				CLANG_WARN_COMMA = YES;
				CLANG_WARN_CONSTANT_CONVERSION = YES;
				CLANG_WARN_DEPRECATED_OBJC_IMPLEMENTATIONS = YES;
				CLANG_WARN_DIRECT_OBJC_ISA_USAGE = YES_ERROR;
				CLANG_WARN_DOCUMENTATION_COMMENTS = YES;
				CLANG_WARN_EMPTY_BODY = YES;
				CLANG_WARN_ENUM_CONVERSION = YES;
				CLANG_WARN_INFINITE_RECURSION = YES;
				CLANG_WARN_INT_CONVERSION = YES;
				CLANG_WARN_NON_LITERAL_NULL_CONVERSION = YES;
				CLANG_WARN_OBJC_IMPLICIT_RETAIN_SELF = YES;
				CLANG_WARN_OBJC_LITERAL_CONVERSION = YES;
				CLANG_WARN_OBJC_ROOT_CLASS = YES_ERROR;
				CLANG_WARN_QUOTED_INCLUDE_IN_FRAMEWORK_HEADER = YES;
				CLANG_WARN_RANGE_LOOP_ANALYSIS = YES;
				CLANG_WARN_STRICT_PROTOTYPES = YES;
				CLANG_WARN_SUSPICIOUS_MOVE = YES;
				CLANG_WARN_UNGUARDED_AVAILABILITY = YES_AGGRESSIVE;
				CLANG_WARN_UNREACHABLE_CODE = YES;
				CLANG_WARN__DUPLICATE_METHOD_MATCH = YES;
				COPY_PHASE_STRIP = NO;
				DEBUG_INFORMATION_FORMAT = "dwarf-with-dsym";
				ENABLE_NS_ASSERTIONS = NO;
				ENABLE_STRICT_OBJC_MSGSEND = YES;
				GCC_C_LANGUAGE_STANDARD = gnu11;
				GCC_NO_COMMON_BLOCKS = YES;
				GCC_WARN_64_TO_32_BIT_CONVERSION = YES;
				GCC_WARN_ABOUT_RETURN_TYPE = YES_ERROR;
				GCC_WARN_UNDECLARED_SELECTOR = YES;
				GCC_WARN_UNINITIALIZED_AUTOS = YES_AGGRESSIVE;
				GCC_WARN_UNUSED_FUNCTION = YES;
				GCC_WARN_UNUSED_VARIABLE = YES;
				IPHONEOS_DEPLOYMENT_TARGET = 14.3;
				MTL_ENABLE_DEBUG_INFO = NO;
				MTL_FAST_MATH = YES;
				SDKROOT = iphoneos;
				SWIFT_COMPILATION_MODE = wholemodule;
				SWIFT_OPTIMIZATION_LEVEL = "-O";
				VALIDATE_PRODUCT = YES;
			};
			name = Release;
		};
		C983B03425FC90C300162BF1 /* Debug */ = {
			isa = XCBuildConfiguration;
			baseConfigurationReference = 8A081D5FF682860E2FEA5653 /* Pods-Credis.debug.xcconfig */;
			buildSettings = {
				ASSETCATALOG_COMPILER_APPICON_NAME = AppIcon;
				ASSETCATALOG_COMPILER_GLOBAL_ACCENT_COLOR_NAME = AccentColor;
				CODE_SIGN_STYLE = Automatic;
				DEVELOPMENT_TEAM = YP4BYLNY9A;
				FRAMEWORK_SEARCH_PATHS = (
					"$(inherited)",
					"\"${PODS_CONFIGURATION_BUILD_DIR}/SwiftProtobuf\"",
				);
				INFOPLIST_FILE = Credis/Application/Info.plist;
				LD_RUNPATH_SEARCH_PATHS = (
					"$(inherited)",
					"@executable_path/Frameworks",
				);
				PRODUCT_BUNDLE_IDENTIFIER = com.yaro.Credis;
				PRODUCT_NAME = "$(TARGET_NAME)";
				SWIFT_VERSION = 5.0;
				TARGETED_DEVICE_FAMILY = "1,2";
			};
			name = Debug;
		};
		C983B03525FC90C300162BF1 /* Release */ = {
			isa = XCBuildConfiguration;
			baseConfigurationReference = 3EEB3FB0DEC6E713B58530FC /* Pods-Credis.release.xcconfig */;
			buildSettings = {
				ASSETCATALOG_COMPILER_APPICON_NAME = AppIcon;
				ASSETCATALOG_COMPILER_GLOBAL_ACCENT_COLOR_NAME = AccentColor;
				CODE_SIGN_STYLE = Automatic;
				DEVELOPMENT_TEAM = YP4BYLNY9A;
				FRAMEWORK_SEARCH_PATHS = (
					"$(inherited)",
					"\"${PODS_CONFIGURATION_BUILD_DIR}/SwiftProtobuf\"",
					"$(SYMROOT)/**",
				);
				INFOPLIST_FILE = Credis/Application/Info.plist;
				LD_RUNPATH_SEARCH_PATHS = (
					"$(inherited)",
					"@executable_path/Frameworks",
				);
				PRODUCT_BUNDLE_IDENTIFIER = com.yaro.Credis;
				PRODUCT_NAME = "$(TARGET_NAME)";
				SWIFT_VERSION = 5.0;
				TARGETED_DEVICE_FAMILY = "1,2";
			};
			name = Release;
		};
/* End XCBuildConfiguration section */

/* Begin XCConfigurationList section */
		C983B01A25FC90C200162BF1 /* Build configuration list for PBXProject "Credis" */ = {
			isa = XCConfigurationList;
			buildConfigurations = (
				C983B03125FC90C300162BF1 /* Debug */,
				C983B03225FC90C300162BF1 /* Release */,
			);
			defaultConfigurationIsVisible = 0;
			defaultConfigurationName = Release;
		};
		C983B03325FC90C300162BF1 /* Build configuration list for PBXNativeTarget "Credis" */ = {
			isa = XCConfigurationList;
			buildConfigurations = (
				C983B03425FC90C300162BF1 /* Debug */,
				C983B03525FC90C300162BF1 /* Release */,
			);
			defaultConfigurationIsVisible = 0;
			defaultConfigurationName = Release;
		};
/* End XCConfigurationList section */
	};
	rootObject = C983B01725FC90C200162BF1 /* Project object */;
}
